
Microsoft Visual Studio Solution File, Format Version 12.00
# Visual Studio 14
VisualStudioVersion = 14.0.25420.1
MinimumVisualStudioVersion = 10.0.40219.1
Project("{2150E333-8FDC-42A3-9474-1A3956D46DE8}") = "Core", "Core", "{662D5F27-F7FA-4C61-8BED-D7CDFBC0E726}"
EndProject
Project("{2150E333-8FDC-42A3-9474-1A3956D46DE8}") = "Infrastructure", "Infrastructure", "{181FB17A-3B8C-4DF3-AAD3-F48D75E7B5C2}"
EndProject
Project("{2150E333-8FDC-42A3-9474-1A3956D46DE8}") = "Services", "Services", "{CA7AFDC0-4F81-4673-8DEB-0F1308E03B58}"
EndProject
Project("{2150E333-8FDC-42A3-9474-1A3956D46DE8}") = "Engines", "Engines", "{7F952248-7F6D-41AA-839E-A870FEADAE58}"
EndProject
Project("{FAE04EC0-301F-11D3-BF4B-00C04F79EFBC}") = "Charon.Core.Entities", "Core\Entities\Charon.Core.Entities.csproj", "{2901E342-5974-411D-8620-DB9E8A26BD66}"
EndProject
Project("{FAE04EC0-301F-11D3-BF4B-00C04F79EFBC}") = "Charon.Core.Services", "Core\Services\Charon.Core.Services.csproj", "{CE3DFDCA-21B6-4A18-B9D6-84B87B24D672}"
EndProject
Project("{2150E333-8FDC-42A3-9474-1A3956D46DE8}") = "Data", "Data", "{B7A88337-8A74-4761-AE41-9365814DB955}"
EndProject
Project("{FAE04EC0-301F-11D3-BF4B-00C04F79EFBC}") = "Charon.Data", "Data\Charon.Data.csproj", "{9AF46A08-8C2D-4CFC-B2D1-9135C6A00587}"
EndProject
Project("{2150E333-8FDC-42A3-9474-1A3956D46DE8}") = "Solution Items", "Solution Items", "{1D40FDBB-424D-4DC3-B190-81D2164F5FFD}"
	ProjectSection(SolutionItems) = preProject
		CharonFramework.testsettings = CharonFramework.testsettings
	EndProjectSection
EndProject
Project("{2150E333-8FDC-42A3-9474-1A3956D46DE8}") = "PersistenceEngine", "PersistenceEngine", "{BCDCB57A-856D-4762-83FE-7C104173BF5A}"
EndProject
Project("{FAE04EC0-301F-11D3-BF4B-00C04F79EFBC}") = "Charon.Messaging", "Messaging\Charon.Messaging.csproj", "{90DEF15B-B500-42FB-A8CF-F1FCA019E7D2}"
EndProject
Project("{2150E333-8FDC-42A3-9474-1A3956D46DE8}") = "Messaging", "Messaging", "{8814ED73-1D8B-4C37-92FF-06A06539D79C}"
EndProject
Project("{FAE04EC0-301F-11D3-BF4B-00C04F79EFBC}") = "Charon.Core.Messaging", "Core\Messaging\Charon.Core.Messaging.csproj", "{F1457456-B00E-4EA6-8498-10156E1DB247}"
EndProject
Project("{FAE04EC0-301F-11D3-BF4B-00C04F79EFBC}") = "PersistenceEngine", "Engines\PersistenceEngine\PersistenceEngine.csproj", "{3468416E-D774-43B5-AD38-383BF07C6DE0}"
EndProject
Project("{FAE04EC0-301F-11D3-BF4B-00C04F79EFBC}") = "PersistenceEngineTester", "Engines\PersistenceEngineTester\PersistenceEngineTester.csproj", "{60A3C962-E584-494C-BBAE-3CDB2455B3B5}"
EndProject
Project("{2150E333-8FDC-42A3-9474-1A3956D46DE8}") = "ProductEngine", "ProductEngine", "{8B924374-2907-466B-B1FE-E07773CDC6AA}"
EndProject
Project("{FAE04EC0-301F-11D3-BF4B-00C04F79EFBC}") = "ProductEngine", "Engines\ProductEngine\ProductEngine\ProductEngine.csproj", "{CC64A5C7-C26B-4E70-8752-1970A673BB3B}"
EndProject
Project("{2150E333-8FDC-42A3-9474-1A3956D46DE8}") = "Common", "Common", "{17E8E829-C5C4-4326-9DE2-644CF4ABAAD7}"
EndProject
Project("{FAE04EC0-301F-11D3-BF4B-00C04F79EFBC}") = "Charon.Infrastructure.PersistenceService", "Infrastructure\Services\PersistenceService\Charon.Infrastructure.PersistenceService.csproj", "{8CFA88CA-C9FF-449A-BD6E-77BB17F99EDB}"
EndProject
Project("{FAE04EC0-301F-11D3-BF4B-00C04F79EFBC}") = "Charon.Infrastructure.PersistenceServicePackage", "Infrastructure\Services\PersistenceServicePackage\Charon.Infrastructure.PersistenceServicePackage.csproj", "{B28A3EA3-8768-4802-8E49-301E6FE0FD5D}"
EndProject
Project("{FAE04EC0-301F-11D3-BF4B-00C04F79EFBC}") = "Charon.Engines.ExecutionManager", "Engines\Common\ExecutionManager\Charon.Engines.ExecutionManager.csproj", "{B2A09D33-9902-49DE-9B99-448C87C4B926}"
EndProject
Project("{FAE04EC0-301F-11D3-BF4B-00C04F79EFBC}") = "Charon.Core.Utilities", "Core\Utilities\Charon.Core.Utilities.csproj", "{9D35C923-2C2E-42B9-AA55-DA11050835E1}"
EndProject
Global
	GlobalSection(SolutionConfigurationPlatforms) = preSolution
		Debug|Any CPU = Debug|Any CPU
		Debug|x64 = Debug|x64
		Release|Any CPU = Release|Any CPU
		Release|x64 = Release|x64
	EndGlobalSection
	GlobalSection(ProjectConfigurationPlatforms) = postSolution
		{2901E342-5974-411D-8620-DB9E8A26BD66}.Debug|Any CPU.ActiveCfg = Debug|Any CPU
		{2901E342-5974-411D-8620-DB9E8A26BD66}.Debug|Any CPU.Build.0 = Debug|Any CPU
		{2901E342-5974-411D-8620-DB9E8A26BD66}.Debug|x64.ActiveCfg = Debug|x64
		{2901E342-5974-411D-8620-DB9E8A26BD66}.Debug|x64.Build.0 = Debug|x64
		{2901E342-5974-411D-8620-DB9E8A26BD66}.Release|Any CPU.ActiveCfg = Release|Any CPU
		{2901E342-5974-411D-8620-DB9E8A26BD66}.Release|Any CPU.Build.0 = Release|Any CPU
		{2901E342-5974-411D-8620-DB9E8A26BD66}.Release|x64.ActiveCfg = Release|x64
		{2901E342-5974-411D-8620-DB9E8A26BD66}.Release|x64.Build.0 = Release|x64
		{CE3DFDCA-21B6-4A18-B9D6-84B87B24D672}.Debug|Any CPU.ActiveCfg = Debug|Any CPU
		{CE3DFDCA-21B6-4A18-B9D6-84B87B24D672}.Debug|Any CPU.Build.0 = Debug|Any CPU
		{CE3DFDCA-21B6-4A18-B9D6-84B87B24D672}.Debug|x64.ActiveCfg = Debug|x64
		{CE3DFDCA-21B6-4A18-B9D6-84B87B24D672}.Debug|x64.Build.0 = Debug|x64
		{CE3DFDCA-21B6-4A18-B9D6-84B87B24D672}.Release|Any CPU.ActiveCfg = Release|Any CPU
		{CE3DFDCA-21B6-4A18-B9D6-84B87B24D672}.Release|Any CPU.Build.0 = Release|Any CPU
		{CE3DFDCA-21B6-4A18-B9D6-84B87B24D672}.Release|x64.ActiveCfg = Release|x64
		{CE3DFDCA-21B6-4A18-B9D6-84B87B24D672}.Release|x64.Build.0 = Release|x64
		{9AF46A08-8C2D-4CFC-B2D1-9135C6A00587}.Debug|Any CPU.ActiveCfg = Debug|Any CPU
		{9AF46A08-8C2D-4CFC-B2D1-9135C6A00587}.Debug|Any CPU.Build.0 = Debug|Any CPU
		{9AF46A08-8C2D-4CFC-B2D1-9135C6A00587}.Debug|x64.ActiveCfg = Debug|x64
		{9AF46A08-8C2D-4CFC-B2D1-9135C6A00587}.Debug|x64.Build.0 = Debug|x64
		{9AF46A08-8C2D-4CFC-B2D1-9135C6A00587}.Release|Any CPU.ActiveCfg = Release|Any CPU
		{9AF46A08-8C2D-4CFC-B2D1-9135C6A00587}.Release|Any CPU.Build.0 = Release|Any CPU
		{9AF46A08-8C2D-4CFC-B2D1-9135C6A00587}.Release|x64.ActiveCfg = Release|x64
		{9AF46A08-8C2D-4CFC-B2D1-9135C6A00587}.Release|x64.Build.0 = Release|x64
		{90DEF15B-B500-42FB-A8CF-F1FCA019E7D2}.Debug|Any CPU.ActiveCfg = Debug|Any CPU
		{90DEF15B-B500-42FB-A8CF-F1FCA019E7D2}.Debug|Any CPU.Build.0 = Debug|Any CPU
		{90DEF15B-B500-42FB-A8CF-F1FCA019E7D2}.Debug|x64.ActiveCfg = Debug|x64
		{90DEF15B-B500-42FB-A8CF-F1FCA019E7D2}.Debug|x64.Build.0 = Debug|x64
		{90DEF15B-B500-42FB-A8CF-F1FCA019E7D2}.Release|Any CPU.ActiveCfg = Release|Any CPU
		{90DEF15B-B500-42FB-A8CF-F1FCA019E7D2}.Release|Any CPU.Build.0 = Release|Any CPU
		{90DEF15B-B500-42FB-A8CF-F1FCA019E7D2}.Release|x64.ActiveCfg = Release|x64
		{90DEF15B-B500-42FB-A8CF-F1FCA019E7D2}.Release|x64.Build.0 = Release|x64
		{F1457456-B00E-4EA6-8498-10156E1DB247}.Debug|Any CPU.ActiveCfg = Debug|Any CPU
		{F1457456-B00E-4EA6-8498-10156E1DB247}.Debug|Any CPU.Build.0 = Debug|Any CPU
		{F1457456-B00E-4EA6-8498-10156E1DB247}.Debug|x64.ActiveCfg = Debug|x64
		{F1457456-B00E-4EA6-8498-10156E1DB247}.Debug|x64.Build.0 = Debug|x64
		{F1457456-B00E-4EA6-8498-10156E1DB247}.Release|Any CPU.ActiveCfg = Release|Any CPU
		{F1457456-B00E-4EA6-8498-10156E1DB247}.Release|Any CPU.Build.0 = Release|Any CPU
		{F1457456-B00E-4EA6-8498-10156E1DB247}.Release|x64.ActiveCfg = Release|x64
		{F1457456-B00E-4EA6-8498-10156E1DB247}.Release|x64.Build.0 = Release|x64
		{3468416E-D774-43B5-AD38-383BF07C6DE0}.Debug|Any CPU.ActiveCfg = Debug|Any CPU
		{3468416E-D774-43B5-AD38-383BF07C6DE0}.Debug|Any CPU.Build.0 = Debug|Any CPU
		{3468416E-D774-43B5-AD38-383BF07C6DE0}.Debug|x64.ActiveCfg = Debug|x64
		{3468416E-D774-43B5-AD38-383BF07C6DE0}.Debug|x64.Build.0 = Debug|x64
		{3468416E-D774-43B5-AD38-383BF07C6DE0}.Release|Any CPU.ActiveCfg = Release|Any CPU
		{3468416E-D774-43B5-AD38-383BF07C6DE0}.Release|Any CPU.Build.0 = Release|Any CPU
		{3468416E-D774-43B5-AD38-383BF07C6DE0}.Release|x64.ActiveCfg = Release|x64
		{3468416E-D774-43B5-AD38-383BF07C6DE0}.Release|x64.Build.0 = Release|x64
		{60A3C962-E584-494C-BBAE-3CDB2455B3B5}.Debug|Any CPU.ActiveCfg = Debug|Any CPU
		{60A3C962-E584-494C-BBAE-3CDB2455B3B5}.Debug|Any CPU.Build.0 = Debug|Any CPU
		{60A3C962-E584-494C-BBAE-3CDB2455B3B5}.Debug|x64.ActiveCfg = Debug|x64
		{60A3C962-E584-494C-BBAE-3CDB2455B3B5}.Debug|x64.Build.0 = Debug|x64
		{60A3C962-E584-494C-BBAE-3CDB2455B3B5}.Release|Any CPU.ActiveCfg = Release|Any CPU
		{60A3C962-E584-494C-BBAE-3CDB2455B3B5}.Release|Any CPU.Build.0 = Release|Any CPU
		{60A3C962-E584-494C-BBAE-3CDB2455B3B5}.Release|x64.ActiveCfg = Release|x64
		{60A3C962-E584-494C-BBAE-3CDB2455B3B5}.Release|x64.Build.0 = Release|x64
		{CC64A5C7-C26B-4E70-8752-1970A673BB3B}.Debug|Any CPU.ActiveCfg = Debug|Any CPU
		{CC64A5C7-C26B-4E70-8752-1970A673BB3B}.Debug|Any CPU.Build.0 = Debug|Any CPU
		{CC64A5C7-C26B-4E70-8752-1970A673BB3B}.Debug|x64.ActiveCfg = Debug|x64
		{CC64A5C7-C26B-4E70-8752-1970A673BB3B}.Debug|x64.Build.0 = Debug|x64
		{CC64A5C7-C26B-4E70-8752-1970A673BB3B}.Release|Any CPU.ActiveCfg = Release|Any CPU
		{CC64A5C7-C26B-4E70-8752-1970A673BB3B}.Release|Any CPU.Build.0 = Release|Any CPU
		{CC64A5C7-C26B-4E70-8752-1970A673BB3B}.Release|x64.ActiveCfg = Release|x64
		{CC64A5C7-C26B-4E70-8752-1970A673BB3B}.Release|x64.Build.0 = Release|x64
		{8CFA88CA-C9FF-449A-BD6E-77BB17F99EDB}.Debug|Any CPU.ActiveCfg = Debug|Any CPU
		{8CFA88CA-C9FF-449A-BD6E-77BB17F99EDB}.Debug|Any CPU.Build.0 = Debug|Any CPU
		{8CFA88CA-C9FF-449A-BD6E-77BB17F99EDB}.Debug|x64.ActiveCfg = Debug|x64
		{8CFA88CA-C9FF-449A-BD6E-77BB17F99EDB}.Debug|x64.Build.0 = Debug|x64
		{8CFA88CA-C9FF-449A-BD6E-77BB17F99EDB}.Release|Any CPU.ActiveCfg = Release|Any CPU
		{8CFA88CA-C9FF-449A-BD6E-77BB17F99EDB}.Release|Any CPU.Build.0 = Release|Any CPU
		{8CFA88CA-C9FF-449A-BD6E-77BB17F99EDB}.Release|x64.ActiveCfg = Release|x64
		{8CFA88CA-C9FF-449A-BD6E-77BB17F99EDB}.Release|x64.Build.0 = Release|x64
		{B28A3EA3-8768-4802-8E49-301E6FE0FD5D}.Debug|Any CPU.ActiveCfg = Debug|Any CPU
		{B28A3EA3-8768-4802-8E49-301E6FE0FD5D}.Debug|Any CPU.Build.0 = Debug|Any CPU
		{B28A3EA3-8768-4802-8E49-301E6FE0FD5D}.Debug|x64.ActiveCfg = Debug|x64
		{B28A3EA3-8768-4802-8E49-301E6FE0FD5D}.Debug|x64.Build.0 = Debug|x64
		{B28A3EA3-8768-4802-8E49-301E6FE0FD5D}.Release|Any CPU.ActiveCfg = Release|Any CPU
		{B28A3EA3-8768-4802-8E49-301E6FE0FD5D}.Release|Any CPU.Build.0 = Release|Any CPU
		{B28A3EA3-8768-4802-8E49-301E6FE0FD5D}.Release|x64.ActiveCfg = Release|x64
		{B28A3EA3-8768-4802-8E49-301E6FE0FD5D}.Release|x64.Build.0 = Release|x64
		{B2A09D33-9902-49DE-9B99-448C87C4B926}.Debug|Any CPU.ActiveCfg = Debug|Any CPU
		{B2A09D33-9902-49DE-9B99-448C87C4B926}.Debug|Any CPU.Build.0 = Debug|Any CPU
		{B2A09D33-9902-49DE-9B99-448C87C4B926}.Debug|x64.ActiveCfg = Debug|x64
		{B2A09D33-9902-49DE-9B99-448C87C4B926}.Debug|x64.Build.0 = Debug|x64
		{B2A09D33-9902-49DE-9B99-448C87C4B926}.Release|Any CPU.ActiveCfg = Release|Any CPU
		{B2A09D33-9902-49DE-9B99-448C87C4B926}.Release|Any CPU.Build.0 = Release|Any CPU
		{B2A09D33-9902-49DE-9B99-448C87C4B926}.Release|x64.ActiveCfg = Release|x64
		{B2A09D33-9902-49DE-9B99-448C87C4B926}.Release|x64.Build.0 = Release|x64
		{9D35C923-2C2E-42B9-AA55-DA11050835E1}.Debug|Any CPU.ActiveCfg = Debug|Any CPU
		{9D35C923-2C2E-42B9-AA55-DA11050835E1}.Debug|Any CPU.Build.0 = Debug|Any CPU
		{9D35C923-2C2E-42B9-AA55-DA11050835E1}.Debug|x64.ActiveCfg = Debug|x64
		{9D35C923-2C2E-42B9-AA55-DA11050835E1}.Debug|x64.Build.0 = Debug|x64
		{9D35C923-2C2E-42B9-AA55-DA11050835E1}.Release|Any CPU.ActiveCfg = Release|Any CPU
		{9D35C923-2C2E-42B9-AA55-DA11050835E1}.Release|Any CPU.Build.0 = Release|Any CPU
		{9D35C923-2C2E-42B9-AA55-DA11050835E1}.Release|x64.ActiveCfg = Release|x64
		{9D35C923-2C2E-42B9-AA55-DA11050835E1}.Release|x64.Build.0 = Release|x64
	EndGlobalSection
	GlobalSection(SolutionProperties) = preSolution
		HideSolutionNode = FALSE
	EndGlobalSection
	GlobalSection(NestedProjects) = preSolution
		{CA7AFDC0-4F81-4673-8DEB-0F1308E03B58} = {181FB17A-3B8C-4DF3-AAD3-F48D75E7B5C2}
		{2901E342-5974-411D-8620-DB9E8A26BD66} = {662D5F27-F7FA-4C61-8BED-D7CDFBC0E726}
		{CE3DFDCA-21B6-4A18-B9D6-84B87B24D672} = {662D5F27-F7FA-4C61-8BED-D7CDFBC0E726}
		{9AF46A08-8C2D-4CFC-B2D1-9135C6A00587} = {B7A88337-8A74-4761-AE41-9365814DB955}
		{BCDCB57A-856D-4762-83FE-7C104173BF5A} = {7F952248-7F6D-41AA-839E-A870FEADAE58}
		{90DEF15B-B500-42FB-A8CF-F1FCA019E7D2} = {8814ED73-1D8B-4C37-92FF-06A06539D79C}
		{F1457456-B00E-4EA6-8498-10156E1DB247} = {662D5F27-F7FA-4C61-8BED-D7CDFBC0E726}
		{3468416E-D774-43B5-AD38-383BF07C6DE0} = {BCDCB57A-856D-4762-83FE-7C104173BF5A}
		{60A3C962-E584-494C-BBAE-3CDB2455B3B5} = {BCDCB57A-856D-4762-83FE-7C104173BF5A}
		{8B924374-2907-466B-B1FE-E07773CDC6AA} = {7F952248-7F6D-41AA-839E-A870FEADAE58}
		{CC64A5C7-C26B-4E70-8752-1970A673BB3B} = {8B924374-2907-466B-B1FE-E07773CDC6AA}
		{17E8E829-C5C4-4326-9DE2-644CF4ABAAD7} = {7F952248-7F6D-41AA-839E-A870FEADAE58}
		{8CFA88CA-C9FF-449A-BD6E-77BB17F99EDB} = {CA7AFDC0-4F81-4673-8DEB-0F1308E03B58}
		{B28A3EA3-8768-4802-8E49-301E6FE0FD5D} = {CA7AFDC0-4F81-4673-8DEB-0F1308E03B58}
		{B2A09D33-9902-49DE-9B99-448C87C4B926} = {17E8E829-C5C4-4326-9DE2-644CF4ABAAD7}
		{9D35C923-2C2E-42B9-AA55-DA11050835E1} = {662D5F27-F7FA-4C61-8BED-D7CDFBC0E726}
	EndGlobalSection
EndGlobal
